
Microsoft Visual Studio Solution File, Format Version 12.00
# Visual Studio Version 17
VisualStudioVersion = 17.8.34511.84
MinimumVisualStudioVersion = 10.0.40219.1
Project("{8BC9CEB8-8B4A-11D0-8D11-00A0C91BC942}") = "Assi1", "Assi1\Assi1.vcxproj", "{CA450B6D-1AA0-4DFD-B814-453E38525ACA}"
EndProject
Global
	GlobalSection(SolutionConfigurationPlatforms) = preSolution
		Debug|x64 = Debug|x64
		Debug|x86 = Debug|x86
		Release|x64 = Release|x64
		Release|x86 = Release|x86
	EndGlobalSection
	GlobalSection(ProjectConfigurationPlatforms) = postSolution
		{CA450B6D-1AA0-4DFD-B814-453E38525ACA}.Debug|x64.ActiveCfg = Debug|x64
		{CA450B6D-1AA0-4DFD-B814-453E38525ACA}.Debug|x64.Build.0 = Debug|x64
		{CA450B6D-1AA0-4DFD-B814-453E38525ACA}.Debug|x86.ActiveCfg = Debug|Win32
		{CA450B6D-1AA0-4DFD-B814-453E38525ACA}.Debug|x86.Build.0 = Debug|Win32
		{CA450B6D-1AA0-4DFD-B814-453E38525ACA}.Release|x64.ActiveCfg = Release|x64
		{CA450B6D-1AA0-4DFD-B814-453E38525ACA}.Release|x64.Build.0 = Release|x64
		{CA450B6D-1AA0-4DFD-B814-453E38525ACA}.Release|x86.ActiveCfg = Release|Win32
		{CA450B6D-1AA0-4DFD-B814-453E38525ACA}.Release|x86.Build.0 = Release|Win32
	EndGlobalSection
	GlobalSection(SolutionProperties) = preSolution
		HideSolutionNode = FALSE
	EndGlobalSection
	GlobalSection(ExtensibilityGlobals) = postSolution
		SolutionGuid = {4BB35977-2361-415F-82DE-41D074B7B793}
	EndGlobalSection
EndGlobal
